
Microsoft Visual Studio Solution File, Format Version 12.00
# Visual Studio Version 17
VisualStudioVersion = 17.7.34202.233
MinimumVisualStudioVersion = 10.0.40219.1
Project("{FAE04EC0-301F-11D3-BF4B-00C04F79EFBC}") = "LinkedOut", "LinkedOut\LinkedOut.csproj", "{F70E4BD2-B871-45BF-B86E-B2C592112D72}"
EndProject
Project("{FAE04EC0-301F-11D3-BF4B-00C04F79EFBC}") = "LinkedOut.Tests", "LinkedOut.Tests\LinkedOut.Tests.csproj", "{800A589B-FE55-43D4-BBEA-CA784B56B895}"
EndProject
Global
	GlobalSection(SolutionConfigurationPlatforms) = preSolution
		Debug|Any CPU = Debug|Any CPU
		Release|Any CPU = Release|Any CPU
	EndGlobalSection
	GlobalSection(ProjectConfigurationPlatforms) = postSolution
		{F70E4BD2-B871-45BF-B86E-B2C592112D72}.Debug|Any CPU.ActiveCfg = Debug|Any CPU
		{F70E4BD2-B871-45BF-B86E-B2C592112D72}.Debug|Any CPU.Build.0 = Debug|Any CPU
		{F70E4BD2-B871-45BF-B86E-B2C592112D72}.Release|Any CPU.ActiveCfg = Release|Any CPU
		{F70E4BD2-B871-45BF-B86E-B2C592112D72}.Release|Any CPU.Build.0 = Release|Any CPU
		{800A589B-FE55-43D4-BBEA-CA784B56B895}.Debug|Any CPU.ActiveCfg = Debug|Any CPU
		{800A589B-FE55-43D4-BBEA-CA784B56B895}.Debug|Any CPU.Build.0 = Debug|Any CPU
		{800A589B-FE55-43D4-BBEA-CA784B56B895}.Release|Any CPU.ActiveCfg = Release|Any CPU
		{800A589B-FE55-43D4-BBEA-CA784B56B895}.Release|Any CPU.Build.0 = Release|Any CPU
	EndGlobalSection
	GlobalSection(SolutionProperties) = preSolution
		HideSolutionNode = FALSE
	EndGlobalSection
	GlobalSection(ExtensibilityGlobals) = postSolution
		SolutionGuid = {05F91496-2DEB-4BA7-9C0A-6595B9533CC6}
	EndGlobalSection
EndGlobal
